// !$*UTF8*$!
{
	archiveVersion = 1;
	classes = {
	};
	objectVersion = 46;
	objects = {

/* Begin PBXBuildFile section */
		BD0303CA1DC7AB6900D285CF /* GitHubTableViewController.swift in Sources */ = {isa = PBXBuildFile; fileRef = BD0303C91DC7AB6900D285CF /* GitHubTableViewController.swift */; };
		BD3D207C1DC110E5009C070B /* AppDelegate.swift in Sources */ = {isa = PBXBuildFile; fileRef = BD3D207B1DC110E5009C070B /* AppDelegate.swift */; };
		BD3D207E1DC110E5009C070B /* Teste.swift in Sources */ = {isa = PBXBuildFile; fileRef = BD3D207D1DC110E5009C070B /* Teste.swift */; };
		BD3D20811DC110E5009C070B /* Main.storyboard in Resources */ = {isa = PBXBuildFile; fileRef = BD3D207F1DC110E5009C070B /* Main.storyboard */; };
		BD3D20831DC110E5009C070B /* Assets.xcassets in Resources */ = {isa = PBXBuildFile; fileRef = BD3D20821DC110E5009C070B /* Assets.xcassets */; };
		BD3D20861DC110E5009C070B /* LaunchScreen.storyboard in Resources */ = {isa = PBXBuildFile; fileRef = BD3D20841DC110E5009C070B /* LaunchScreen.storyboard */; };
		BD3D208E1DC13685009C070B /* GitHubTableViewCell.swift in Sources */ = {isa = PBXBuildFile; fileRef = BD3D208D1DC13685009C070B /* GitHubTableViewCell.swift */; };
		BD5E7A461DCD387500DAAB0D /* PullRequestViewController.swift in Sources */ = {isa = PBXBuildFile; fileRef = BD5E7A451DCD387500DAAB0D /* PullRequestViewController.swift */; };
		BD70FF861DCD1C170018A297 /* GitHubTableViewControllerTest.swift in Sources */ = {isa = PBXBuildFile; fileRef = BD70FF851DCD1C170018A297 /* GitHubTableViewControllerTest.swift */; };
		BD8049C71DCBDEF6008BACC8 /* PullRequest.swift in Sources */ = {isa = PBXBuildFile; fileRef = BD8049C61DCBDEF6008BACC8 /* PullRequest.swift */; };
		BD815E731DC7B7620046A2BE /* GitHub.swift in Sources */ = {isa = PBXBuildFile; fileRef = BD815E721DC7B7620046A2BE /* GitHub.swift */; };
		BDEA16B21DC9301F002AB755 /* RepositoryTableViewController.swift in Sources */ = {isa = PBXBuildFile; fileRef = BDEA16B11DC9301F002AB755 /* RepositoryTableViewController.swift */; };
		BDEA16B41DC93041002AB755 /* RepositoryTableViewCell.swift in Sources */ = {isa = PBXBuildFile; fileRef = BDEA16B31DC93041002AB755 /* RepositoryTableViewCell.swift */; };
/* End PBXBuildFile section */

/* Begin PBXContainerItemProxy section */
		BD70FF7E1DCD12920018A297 /* PBXContainerItemProxy */ = {
			isa = PBXContainerItemProxy;
			containerPortal = BD3D20701DC110E5009C070B /* Project object */;
			proxyType = 1;
			remoteGlobalIDString = BD3D20771DC110E5009C070B;
			remoteInfo = "Desafio iOS";
		};
/* End PBXContainerItemProxy section */

/* Begin PBXFileReference section */
		BD0303C91DC7AB6900D285CF /* GitHubTableViewController.swift */ = {isa = PBXFileReference; fileEncoding = 4; lastKnownFileType = sourcecode.swift; path = GitHubTableViewController.swift; sourceTree = "<group>"; };
		BD3D20781DC110E5009C070B /* Desafio iOS.app */ = {isa = PBXFileReference; explicitFileType = wrapper.application; includeInIndex = 0; path = "Desafio iOS.app"; sourceTree = BUILT_PRODUCTS_DIR; };
		BD3D207B1DC110E5009C070B /* AppDelegate.swift */ = {isa = PBXFileReference; lastKnownFileType = sourcecode.swift; path = AppDelegate.swift; sourceTree = "<group>"; };
		BD3D207D1DC110E5009C070B /* Teste.swift */ = {isa = PBXFileReference; lastKnownFileType = sourcecode.swift; path = Teste.swift; sourceTree = "<group>"; };
		BD3D20801DC110E5009C070B /* Base */ = {isa = PBXFileReference; lastKnownFileType = file.storyboard; name = Base; path = Base.lproj/Main.storyboard; sourceTree = "<group>"; };
		BD3D20821DC110E5009C070B /* Assets.xcassets */ = {isa = PBXFileReference; lastKnownFileType = folder.assetcatalog; path = Assets.xcassets; sourceTree = "<group>"; };
		BD3D20851DC110E5009C070B /* Base */ = {isa = PBXFileReference; lastKnownFileType = file.storyboard; name = Base; path = Base.lproj/LaunchScreen.storyboard; sourceTree = "<group>"; };
		BD3D20871DC110E5009C070B /* Info.plist */ = {isa = PBXFileReference; lastKnownFileType = text.plist.xml; path = Info.plist; sourceTree = "<group>"; };
		BD3D208D1DC13685009C070B /* GitHubTableViewCell.swift */ = {isa = PBXFileReference; fileEncoding = 4; lastKnownFileType = sourcecode.swift; path = GitHubTableViewCell.swift; sourceTree = "<group>"; };
		BD5E7A451DCD387500DAAB0D /* PullRequestViewController.swift */ = {isa = PBXFileReference; fileEncoding = 4; lastKnownFileType = sourcecode.swift; path = PullRequestViewController.swift; sourceTree = "<group>"; };
		BD70FF791DCD12920018A297 /* Desafio iOSTests.xctest */ = {isa = PBXFileReference; explicitFileType = wrapper.cfbundle; includeInIndex = 0; path = "Desafio iOSTests.xctest"; sourceTree = BUILT_PRODUCTS_DIR; };
		BD70FF841DCD1C160018A297 /* Desafio iOSTests-Bridging-Header.h */ = {isa = PBXFileReference; lastKnownFileType = sourcecode.c.h; path = "Desafio iOSTests-Bridging-Header.h"; sourceTree = "<group>"; };
		BD70FF851DCD1C170018A297 /* GitHubTableViewControllerTest.swift */ = {isa = PBXFileReference; fileEncoding = 4; lastKnownFileType = sourcecode.swift; path = GitHubTableViewControllerTest.swift; sourceTree = "<group>"; };
		BD8049C61DCBDEF6008BACC8 /* PullRequest.swift */ = {isa = PBXFileReference; fileEncoding = 4; lastKnownFileType = sourcecode.swift; path = PullRequest.swift; sourceTree = "<group>"; };
		BD815E721DC7B7620046A2BE /* GitHub.swift */ = {isa = PBXFileReference; fileEncoding = 4; lastKnownFileType = sourcecode.swift; path = GitHub.swift; sourceTree = "<group>"; };
		BDEA16B11DC9301F002AB755 /* RepositoryTableViewController.swift */ = {isa = PBXFileReference; fileEncoding = 4; lastKnownFileType = sourcecode.swift; path = RepositoryTableViewController.swift; sourceTree = "<group>"; };
		BDEA16B31DC93041002AB755 /* RepositoryTableViewCell.swift */ = {isa = PBXFileReference; fileEncoding = 4; lastKnownFileType = sourcecode.swift; path = RepositoryTableViewCell.swift; sourceTree = "<group>"; };
/* End PBXFileReference section */

/* Begin PBXFrameworksBuildPhase section */
		BD3D20751DC110E5009C070B /* Frameworks */ = {
			isa = PBXFrameworksBuildPhase;
			buildActionMask = 2147483647;
			files = (
			);
			runOnlyForDeploymentPostprocessing = 0;
		};
		BD70FF761DCD12920018A297 /* Frameworks */ = {
			isa = PBXFrameworksBuildPhase;
			buildActionMask = 2147483647;
			files = (
			);
			runOnlyForDeploymentPostprocessing = 0;
		};
/* End PBXFrameworksBuildPhase section */

/* Begin PBXGroup section */
		BD3D206F1DC110E5009C070B = {
			isa = PBXGroup;
			children = (
				BD3D207A1DC110E5009C070B /* Desafio iOS */,
				BD3D20791DC110E5009C070B /* Products */,
			);
			sourceTree = "<group>";
		};
		BD3D20791DC110E5009C070B /* Products */ = {
			isa = PBXGroup;
			children = (
				BD3D20781DC110E5009C070B /* Desafio iOS.app */,
				BD70FF791DCD12920018A297 /* Desafio iOSTests.xctest */,
			);
			name = Products;
			sourceTree = "<group>";
		};
		BD3D207A1DC110E5009C070B /* Desafio iOS */ = {
			isa = PBXGroup;
			children = (
				BD3D207B1DC110E5009C070B /* AppDelegate.swift */,
				BD3D207F1DC110E5009C070B /* Main.storyboard */,
				BD3D20821DC110E5009C070B /* Assets.xcassets */,
				BD3D20841DC110E5009C070B /* LaunchScreen.storyboard */,
				BD3D20871DC110E5009C070B /* Info.plist */,
				BD815E711DC7B4930046A2BE /* Model */,
				BD4E95F61DC400C30041C424 /* Controller */,
				BD4E95F51DC400B60041C424 /* View */,
				BD70FF831DCD1B7F0018A297 /* Tests */,
			);
			path = "Desafio iOS";
			sourceTree = "<group>";
		};
		BD4E95F51DC400B60041C424 /* View */ = {
			isa = PBXGroup;
			children = (
				BD3D208D1DC13685009C070B /* GitHubTableViewCell.swift */,
				BDEA16B31DC93041002AB755 /* RepositoryTableViewCell.swift */,
			);
			name = View;
			sourceTree = "<group>";
		};
		BD4E95F61DC400C30041C424 /* Controller */ = {
			isa = PBXGroup;
			children = (
				BD3D207D1DC110E5009C070B /* Teste.swift */,
				BD0303C91DC7AB6900D285CF /* GitHubTableViewController.swift */,
				BDEA16B11DC9301F002AB755 /* RepositoryTableViewController.swift */,
				BD5E7A451DCD387500DAAB0D /* PullRequestViewController.swift */,
			);
			name = Controller;
			sourceTree = "<group>";
		};
		BD70FF831DCD1B7F0018A297 /* Tests */ = {
			isa = PBXGroup;
			children = (
				BD70FF851DCD1C170018A297 /* GitHubTableViewControllerTest.swift */,
				BD70FF841DCD1C160018A297 /* Desafio iOSTests-Bridging-Header.h */,
			);
			name = Tests;
			sourceTree = "<group>";
		};
		BD815E711DC7B4930046A2BE /* Model */ = {
			isa = PBXGroup;
			children = (
				BD815E721DC7B7620046A2BE /* GitHub.swift */,
				BD8049C61DCBDEF6008BACC8 /* PullRequest.swift */,
			);
			name = Model;
			sourceTree = "<group>";
		};
/* End PBXGroup section */

/* Begin PBXNativeTarget section */
		BD3D20771DC110E5009C070B /* Desafio iOS */ = {
			isa = PBXNativeTarget;
			buildConfigurationList = BD3D208A1DC110E5009C070B /* Build configuration list for PBXNativeTarget "Desafio iOS" */;
			buildPhases = (
				BD3D20741DC110E5009C070B /* Sources */,
				BD3D20751DC110E5009C070B /* Frameworks */,
				BD3D20761DC110E5009C070B /* Resources */,
			);
			buildRules = (
			);
			dependencies = (
			);
			name = "Desafio iOS";
			productName = "Desafio iOS";
			productReference = BD3D20781DC110E5009C070B /* Desafio iOS.app */;
			productType = "com.apple.product-type.application";
		};
		BD70FF781DCD12920018A297 /* Desafio iOSTests */ = {
			isa = PBXNativeTarget;
			buildConfigurationList = BD70FF821DCD12920018A297 /* Build configuration list for PBXNativeTarget "Desafio iOSTests" */;
			buildPhases = (
				BD70FF751DCD12920018A297 /* Sources */,
				BD70FF761DCD12920018A297 /* Frameworks */,
				BD70FF771DCD12920018A297 /* Resources */,
			);
			buildRules = (
			);
			dependencies = (
				BD70FF7F1DCD12920018A297 /* PBXTargetDependency */,
			);
			name = "Desafio iOSTests";
			productName = "Desafio iOSTests";
			productReference = BD70FF791DCD12920018A297 /* Desafio iOSTests.xctest */;
			productType = "com.apple.product-type.bundle.unit-test";
		};
/* End PBXNativeTarget section */

/* Begin PBXProject section */
		BD3D20701DC110E5009C070B /* Project object */ = {
			isa = PBXProject;
			attributes = {
				LastSwiftUpdateCheck = 0800;
				LastUpgradeCheck = 0800;
				ORGANIZATIONNAME = "Christian Perrone";
				TargetAttributes = {
					BD3D20771DC110E5009C070B = {
						CreatedOnToolsVersion = 8.0;
						DevelopmentTeam = 2A7C9XFDQ7;
						ProvisioningStyle = Automatic;
					};
					BD70FF781DCD12920018A297 = {
						CreatedOnToolsVersion = 8.0;
						DevelopmentTeam = 2A7C9XFDQ7;
						LastSwiftMigration = 0800;
						ProvisioningStyle = Automatic;
						TestTargetID = BD3D20771DC110E5009C070B;
					};
				};
			};
			buildConfigurationList = BD3D20731DC110E5009C070B /* Build configuration list for PBXProject "Desafio iOS" */;
			compatibilityVersion = "Xcode 3.2";
			developmentRegion = English;
			hasScannedForEncodings = 0;
			knownRegions = (
				en,
				Base,
			);
			mainGroup = BD3D206F1DC110E5009C070B;
			productRefGroup = BD3D20791DC110E5009C070B /* Products */;
			projectDirPath = "";
			projectRoot = "";
			targets = (
				BD3D20771DC110E5009C070B /* Desafio iOS */,
				BD70FF781DCD12920018A297 /* Desafio iOSTests */,
			);
		};
/* End PBXProject section */

/* Begin PBXResourcesBuildPhase section */
		BD3D20761DC110E5009C070B /* Resources */ = {
			isa = PBXResourcesBuildPhase;
			buildActionMask = 2147483647;
			files = (
				BD3D20861DC110E5009C070B /* LaunchScreen.storyboard in Resources */,
				BD3D20831DC110E5009C070B /* Assets.xcassets in Resources */,
				BD3D20811DC110E5009C070B /* Main.storyboard in Resources */,
			);
			runOnlyForDeploymentPostprocessing = 0;
		};
		BD70FF771DCD12920018A297 /* Resources */ = {
			isa = PBXResourcesBuildPhase;
			buildActionMask = 2147483647;
			files = (
			);
			runOnlyForDeploymentPostprocessing = 0;
		};
/* End PBXResourcesBuildPhase section */

/* Begin PBXSourcesBuildPhase section */
		BD3D20741DC110E5009C070B /* Sources */ = {
			isa = PBXSourcesBuildPhase;
			buildActionMask = 2147483647;
			files = (
				BD815E731DC7B7620046A2BE /* GitHub.swift in Sources */,
				BD5E7A461DCD387500DAAB0D /* PullRequestViewController.swift in Sources */,
				BD0303CA1DC7AB6900D285CF /* GitHubTableViewController.swift in Sources */,
				BD8049C71DCBDEF6008BACC8 /* PullRequest.swift in Sources */,
				BDEA16B41DC93041002AB755 /* RepositoryTableViewCell.swift in Sources */,
				BD3D207E1DC110E5009C070B /* Teste.swift in Sources */,
				BDEA16B21DC9301F002AB755 /* RepositoryTableViewController.swift in Sources */,
				BD3D207C1DC110E5009C070B /* AppDelegate.swift in Sources */,
				BD3D208E1DC13685009C070B /* GitHubTableViewCell.swift in Sources */,
			);
			runOnlyForDeploymentPostprocessing = 0;
		};
		BD70FF751DCD12920018A297 /* Sources */ = {
			isa = PBXSourcesBuildPhase;
			buildActionMask = 2147483647;
			files = (
				BD70FF861DCD1C170018A297 /* GitHubTableViewControllerTest.swift in Sources */,
			);
			runOnlyForDeploymentPostprocessing = 0;
		};
/* End PBXSourcesBuildPhase section */

/* Begin PBXTargetDependency section */
		BD70FF7F1DCD12920018A297 /* PBXTargetDependency */ = {
			isa = PBXTargetDependency;
			target = BD3D20771DC110E5009C070B /* Desafio iOS */;
			targetProxy = BD70FF7E1DCD12920018A297 /* PBXContainerItemProxy */;
		};
/* End PBXTargetDependency section */

/* Begin PBXVariantGroup section */
		BD3D207F1DC110E5009C070B /* Main.storyboard */ = {
			isa = PBXVariantGroup;
			children = (
				BD3D20801DC110E5009C070B /* Base */,
			);
			name = Main.storyboard;
			sourceTree = "<group>";
		};
		BD3D20841DC110E5009C070B /* LaunchScreen.storyboard */ = {
			isa = PBXVariantGroup;
			children = (
				BD3D20851DC110E5009C070B /* Base */,
			);
			name = LaunchScreen.storyboard;
			sourceTree = "<group>";
		};
/* End PBXVariantGroup section */

/* Begin XCBuildConfiguration section */
		BD3D20881DC110E5009C070B /* Debug */ = {
			isa = XCBuildConfiguration;
			buildSettings = {
				ALWAYS_SEARCH_USER_PATHS = NO;
				CLANG_ANALYZER_NONNULL = YES;
				CLANG_CXX_LANGUAGE_STANDARD = "gnu++0x";
				CLANG_CXX_LIBRARY = "libc++";
				CLANG_ENABLE_MODULES = YES;
				CLANG_ENABLE_OBJC_ARC = YES;
				CLANG_WARN_BOOL_CONVERSION = YES;
				CLANG_WARN_CONSTANT_CONVERSION = YES;
				CLANG_WARN_DIRECT_OBJC_ISA_USAGE = YES_ERROR;
				CLANG_WARN_DOCUMENTATION_COMMENTS = YES;
				CLANG_WARN_EMPTY_BODY = YES;
				CLANG_WARN_ENUM_CONVERSION = YES;
				CLANG_WARN_INFINITE_RECURSION = YES;
				CLANG_WARN_INT_CONVERSION = YES;
				CLANG_WARN_OBJC_ROOT_CLASS = YES_ERROR;
				CLANG_WARN_SUSPICIOUS_MOVES = YES;
				CLANG_WARN_UNREACHABLE_CODE = YES;
				CLANG_WARN__DUPLICATE_METHOD_MATCH = YES;
				"CODE_SIGN_IDENTITY[sdk=iphoneos*]" = "iPhone Developer";
				COPY_PHASE_STRIP = NO;
				DEBUG_INFORMATION_FORMAT = dwarf;
				ENABLE_STRICT_OBJC_MSGSEND = YES;
				ENABLE_TESTABILITY = YES;
				GCC_C_LANGUAGE_STANDARD = gnu99;
				GCC_DYNAMIC_NO_PIC = NO;
				GCC_NO_COMMON_BLOCKS = YES;
				GCC_OPTIMIZATION_LEVEL = 0;
				GCC_PREPROCESSOR_DEFINITIONS = (
					"DEBUG=1",
					"$(inherited)",
				);
				GCC_WARN_64_TO_32_BIT_CONVERSION = YES;
				GCC_WARN_ABOUT_RETURN_TYPE = YES_ERROR;
				GCC_WARN_UNDECLARED_SELECTOR = YES;
				GCC_WARN_UNINITIALIZED_AUTOS = YES_AGGRESSIVE;
				GCC_WARN_UNUSED_FUNCTION = YES;
				GCC_WARN_UNUSED_VARIABLE = YES;
				IPHONEOS_DEPLOYMENT_TARGET = 10.0;
				MTL_ENABLE_DEBUG_INFO = YES;
				ONLY_ACTIVE_ARCH = YES;
				SDKROOT = iphoneos;
				SWIFT_ACTIVE_COMPILATION_CONDITIONS = DEBUG;
				SWIFT_OPTIMIZATION_LEVEL = "-Onone";
				TARGETED_DEVICE_FAMILY = "1,2";
			};
			name = Debug;
		};
		BD3D20891DC110E5009C070B /* Release */ = {
			isa = XCBuildConfiguration;
			buildSettings = {
				ALWAYS_SEARCH_USER_PATHS = NO;
				CLANG_ANALYZER_NONNULL = YES;
				CLANG_CXX_LANGUAGE_STANDARD = "gnu++0x";
				CLANG_CXX_LIBRARY = "libc++";
				CLANG_ENABLE_MODULES = YES;
				CLANG_ENABLE_OBJC_ARC = YES;
				CLANG_WARN_BOOL_CONVERSION = YES;
				CLANG_WARN_CONSTANT_CONVERSION = YES;
				CLANG_WARN_DIRECT_OBJC_ISA_USAGE = YES_ERROR;
				CLANG_WARN_DOCUMENTATION_COMMENTS = YES;
				CLANG_WARN_EMPTY_BODY = YES;
				CLANG_WARN_ENUM_CONVERSION = YES;
				CLANG_WARN_INFINITE_RECURSION = YES;
				CLANG_WARN_INT_CONVERSION = YES;
				CLANG_WARN_OBJC_ROOT_CLASS = YES_ERROR;
				CLANG_WARN_SUSPICIOUS_MOVES = YES;
				CLANG_WARN_UNREACHABLE_CODE = YES;
				CLANG_WARN__DUPLICATE_METHOD_MATCH = YES;
				"CODE_SIGN_IDENTITY[sdk=iphoneos*]" = "iPhone Developer";
				COPY_PHASE_STRIP = NO;
				DEBUG_INFORMATION_FORMAT = "dwarf-with-dsym";
				ENABLE_NS_ASSERTIONS = NO;
				ENABLE_STRICT_OBJC_MSGSEND = YES;
				GCC_C_LANGUAGE_STANDARD = gnu99;
				GCC_NO_COMMON_BLOCKS = YES;
				GCC_WARN_64_TO_32_BIT_CONVERSION = YES;
				GCC_WARN_ABOUT_RETURN_TYPE = YES_ERROR;
				GCC_WARN_UNDECLARED_SELECTOR = YES;
				GCC_WARN_UNINITIALIZED_AUTOS = YES_AGGRESSIVE;
				GCC_WARN_UNUSED_FUNCTION = YES;
				GCC_WARN_UNUSED_VARIABLE = YES;
				IPHONEOS_DEPLOYMENT_TARGET = 10.0;
				MTL_ENABLE_DEBUG_INFO = NO;
				SDKROOT = iphoneos;
				SWIFT_OPTIMIZATION_LEVEL = "-Owholemodule";
				TARGETED_DEVICE_FAMILY = "1,2";
				VALIDATE_PRODUCT = YES;
			};
			name = Release;
		};
		BD3D208B1DC110E5009C070B /* Debug */ = {
			isa = XCBuildConfiguration;
			buildSettings = {
				ASSETCATALOG_COMPILER_APPICON_NAME = AppIcon;
				DEVELOPMENT_TEAM = 2A7C9XFDQ7;
				INFOPLIST_FILE = "Desafio iOS/Info.plist";
				LD_RUNPATH_SEARCH_PATHS = "$(inherited) @executable_path/Frameworks";
				PRODUCT_BUNDLE_IDENTIFIER = "com.aprendendo.Desafio-iOS";
				PRODUCT_NAME = "$(TARGET_NAME)";
				SWIFT_VERSION = 3.0;
			};
			name = Debug;
		};
		BD3D208C1DC110E5009C070B /* Release */ = {
			isa = XCBuildConfiguration;
			buildSettings = {
				ASSETCATALOG_COMPILER_APPICON_NAME = AppIcon;
				DEVELOPMENT_TEAM = 2A7C9XFDQ7;
				INFOPLIST_FILE = "Desafio iOS/Info.plist";
				LD_RUNPATH_SEARCH_PATHS = "$(inherited) @executable_path/Frameworks";
				PRODUCT_BUNDLE_IDENTIFIER = "com.aprendendo.Desafio-iOS";
				PRODUCT_NAME = "$(TARGET_NAME)";
				SWIFT_VERSION = 3.0;
			};
			name = Release;
		};
		BD70FF801DCD12920018A297 /* Debug */ = {
			isa = XCBuildConfiguration;
			buildSettings = {
				BUNDLE_LOADER = "$(TEST_HOST)";
				CLANG_ENABLE_MODULES = YES;
				DEVELOPMENT_TEAM = 2A7C9XFDQ7;
				INFOPLIST_FILE = "Desafio iOSTests/Info.plist";
				LD_RUNPATH_SEARCH_PATHS = "$(inherited) @executable_path/Frameworks @loader_path/Frameworks";
				PRODUCT_BUNDLE_IDENTIFIER = "com.aprendendo.Desafio-iOSTests";
				PRODUCT_NAME = "$(TARGET_NAME)";
				SWIFT_OBJC_BRIDGING_HEADER = "Desafio iOS/Desafio iOSTests-Bridging-Header.h";
				SWIFT_OPTIMIZATION_LEVEL = "-Onone";
				SWIFT_VERSION = 3.0;
				TEST_HOST = "$(BUILT_PRODUCTS_DIR)/Desafio iOS.app/Desafio iOS";
			};
			name = Debug;
		};
		BD70FF811DCD12920018A297 /* Release */ = {
			isa = XCBuildConfiguration;
			buildSettings = {
				BUNDLE_LOADER = "$(TEST_HOST)";
				CLANG_ENABLE_MODULES = YES;
				DEVELOPMENT_TEAM = 2A7C9XFDQ7;
				INFOPLIST_FILE = "Desafio iOSTests/Info.plist";
				LD_RUNPATH_SEARCH_PATHS = "$(inherited) @executable_path/Frameworks @loader_path/Frameworks";
				PRODUCT_BUNDLE_IDENTIFIER = "com.aprendendo.Desafio-iOSTests";
				PRODUCT_NAME = "$(TARGET_NAME)";
				SWIFT_OBJC_BRIDGING_HEADER = "Desafio iOS/Desafio iOSTests-Bridging-Header.h";
				SWIFT_VERSION = 3.0;
				TEST_HOST = "$(BUILT_PRODUCTS_DIR)/Desafio iOS.app/Desafio iOS";
			};
			name = Release;
		};
/* End XCBuildConfiguration section */

/* Begin XCConfigurationList section */
		BD3D20731DC110E5009C070B /* Build configuration list for PBXProject "Desafio iOS" */ = {
			isa = XCConfigurationList;
			buildConfigurations = (
				BD3D20881DC110E5009C070B /* Debug */,
				BD3D20891DC110E5009C070B /* Release */,
			);
			defaultConfigurationIsVisible = 0;
			defaultConfigurationName = Release;
		};
		BD3D208A1DC110E5009C070B /* Build configuration list for PBXNativeTarget "Desafio iOS" */ = {
			isa = XCConfigurationList;
			buildConfigurations = (
				BD3D208B1DC110E5009C070B /* Debug */,
				BD3D208C1DC110E5009C070B /* Release */,
			);
			defaultConfigurationIsVisible = 0;
			defaultConfigurationName = Release;
		};
		BD70FF821DCD12920018A297 /* Build configuration list for PBXNativeTarget "Desafio iOSTests" */ = {
			isa = XCConfigurationList;
			buildConfigurations = (
				BD70FF801DCD12920018A297 /* Debug */,
				BD70FF811DCD12920018A297 /* Release */,
			);
			defaultConfigurationIsVisible = 0;
			defaultConfigurationName = Release;
		};
/* End XCConfigurationList section */
	};
	rootObject = BD3D20701DC110E5009C070B /* Project object */;
}
